
Microsoft Visual Studio Solution File, Format Version 12.00
# Visual Studio Version 16
VisualStudioVersion = 16.0.29613.14
MinimumVisualStudioVersion = 10.0.40219.1
Project("{FAE04EC0-301F-11D3-BF4B-00C04F79EFBC}") = "PromotionEngine", "PromotionEngine\PromotionEngine.csproj", "{24613FE6-753A-49FD-AF6F-05DFEB0A1650}"
EndProject
Project("{FAE04EC0-301F-11D3-BF4B-00C04F79EFBC}") = "PromotionEngine.Test", "PromotionEngine.Test\PromotionEngine.Test.csproj", "{90A2104A-A1CE-4EF8-8986-3979F57E4D05}"
EndProject
Global
	GlobalSection(SolutionConfigurationPlatforms) = preSolution
		Debug|Any CPU = Debug|Any CPU
		Release|Any CPU = Release|Any CPU
	EndGlobalSection
	GlobalSection(ProjectConfigurationPlatforms) = postSolution
		{24613FE6-753A-49FD-AF6F-05DFEB0A1650}.Debug|Any CPU.ActiveCfg = Debug|Any CPU
		{24613FE6-753A-49FD-AF6F-05DFEB0A1650}.Debug|Any CPU.Build.0 = Debug|Any CPU
		{24613FE6-753A-49FD-AF6F-05DFEB0A1650}.Release|Any CPU.ActiveCfg = Release|Any CPU
		{24613FE6-753A-49FD-AF6F-05DFEB0A1650}.Release|Any CPU.Build.0 = Release|Any CPU
		{90A2104A-A1CE-4EF8-8986-3979F57E4D05}.Debug|Any CPU.ActiveCfg = Debug|Any CPU
		{90A2104A-A1CE-4EF8-8986-3979F57E4D05}.Debug|Any CPU.Build.0 = Debug|Any CPU
		{90A2104A-A1CE-4EF8-8986-3979F57E4D05}.Release|Any CPU.ActiveCfg = Release|Any CPU
		{90A2104A-A1CE-4EF8-8986-3979F57E4D05}.Release|Any CPU.Build.0 = Release|Any CPU
	EndGlobalSection
	GlobalSection(SolutionProperties) = preSolution
		HideSolutionNode = FALSE
	EndGlobalSection
	GlobalSection(ExtensibilityGlobals) = postSolution
		SolutionGuid = {CB2A7C18-6C62-49D6-9034-1388FA84870C}
	EndGlobalSection
EndGlobal
